
Microsoft Visual Studio Solution File, Format Version 12.00
# Visual Studio Version 17
VisualStudioVersion = 17.8.34316.72
MinimumVisualStudioVersion = 10.0.40219.1
Project("{FAE04EC0-301F-11D3-BF4B-00C04F79EFBC}") = "DelegateMasala2", "DelegateMasala2\DelegateMasala2.csproj", "{FAD1FFED-1B35-4ECF-8BC8-5F5F27FA34F9}"
EndProject
Global
	GlobalSection(SolutionConfigurationPlatforms) = preSolution
		Debug|Any CPU = Debug|Any CPU
		Release|Any CPU = Release|Any CPU
	EndGlobalSection
	GlobalSection(ProjectConfigurationPlatforms) = postSolution
		{FAD1FFED-1B35-4ECF-8BC8-5F5F27FA34F9}.Debug|Any CPU.ActiveCfg = Debug|Any CPU
		{FAD1FFED-1B35-4ECF-8BC8-5F5F27FA34F9}.Debug|Any CPU.Build.0 = Debug|Any CPU
		{FAD1FFED-1B35-4ECF-8BC8-5F5F27FA34F9}.Release|Any CPU.ActiveCfg = Release|Any CPU
		{FAD1FFED-1B35-4ECF-8BC8-5F5F27FA34F9}.Release|Any CPU.Build.0 = Release|Any CPU
	EndGlobalSection
	GlobalSection(SolutionProperties) = preSolution
		HideSolutionNode = FALSE
	EndGlobalSection
	GlobalSection(ExtensibilityGlobals) = postSolution
		SolutionGuid = {28BFBA9C-D61C-4FA4-93F9-A8FFADA6DF12}
	EndGlobalSection
EndGlobal
